
Microsoft Visual Studio Solution File, Format Version 12.00
# Visual Studio Version 16
VisualStudioVersion = 16.0.30907.101
MinimumVisualStudioVersion = 10.0.40219.1
Project("{9A19103F-16F7-4668-BE54-9A1E7A4F7556}") = "Entities", "Entities\Entities.csproj", "{B593F4C4-0819-42EB-9C77-FBEFE4783D44}"
EndProject
Project("{9A19103F-16F7-4668-BE54-9A1E7A4F7556}") = "DataAccess", "Concrete\DataAccess.csproj", "{11DA268A-D9D1-4828-9B2F-C0A007C46F64}"
EndProject
Project("{9A19103F-16F7-4668-BE54-9A1E7A4F7556}") = "Business", "Business\Business.csproj", "{98E82CD8-9544-4C27-B8B6-F675546A549D}"
EndProject
Project("{9A19103F-16F7-4668-BE54-9A1E7A4F7556}") = "Console", "Console\Console.csproj", "{0E371931-4091-4A1C-8FC6-761CF2477E3E}"
EndProject
Project("{FAE04EC0-301F-11D3-BF4B-00C04F79EFBC}") = "Core", "Core\Core.csproj", "{A8BEB61A-2CB6-4235-AD24-BF27A2B2D4ED}"
EndProject
Global
	GlobalSection(SolutionConfigurationPlatforms) = preSolution
		Debug|Any CPU = Debug|Any CPU
		Release|Any CPU = Release|Any CPU
	EndGlobalSection
	GlobalSection(ProjectConfigurationPlatforms) = postSolution
		{B593F4C4-0819-42EB-9C77-FBEFE4783D44}.Debug|Any CPU.ActiveCfg = Debug|Any CPU
		{B593F4C4-0819-42EB-9C77-FBEFE4783D44}.Debug|Any CPU.Build.0 = Debug|Any CPU
		{B593F4C4-0819-42EB-9C77-FBEFE4783D44}.Release|Any CPU.ActiveCfg = Release|Any CPU
		{B593F4C4-0819-42EB-9C77-FBEFE4783D44}.Release|Any CPU.Build.0 = Release|Any CPU
		{11DA268A-D9D1-4828-9B2F-C0A007C46F64}.Debug|Any CPU.ActiveCfg = Debug|Any CPU
		{11DA268A-D9D1-4828-9B2F-C0A007C46F64}.Debug|Any CPU.Build.0 = Debug|Any CPU
		{11DA268A-D9D1-4828-9B2F-C0A007C46F64}.Release|Any CPU.ActiveCfg = Release|Any CPU
		{11DA268A-D9D1-4828-9B2F-C0A007C46F64}.Release|Any CPU.Build.0 = Release|Any CPU
		{98E82CD8-9544-4C27-B8B6-F675546A549D}.Debug|Any CPU.ActiveCfg = Debug|Any CPU
		{98E82CD8-9544-4C27-B8B6-F675546A549D}.Debug|Any CPU.Build.0 = Debug|Any CPU
		{98E82CD8-9544-4C27-B8B6-F675546A549D}.Release|Any CPU.ActiveCfg = Release|Any CPU
		{98E82CD8-9544-4C27-B8B6-F675546A549D}.Release|Any CPU.Build.0 = Release|Any CPU
		{0E371931-4091-4A1C-8FC6-761CF2477E3E}.Debug|Any CPU.ActiveCfg = Debug|Any CPU
		{0E371931-4091-4A1C-8FC6-761CF2477E3E}.Debug|Any CPU.Build.0 = Debug|Any CPU
		{0E371931-4091-4A1C-8FC6-761CF2477E3E}.Release|Any CPU.ActiveCfg = Release|Any CPU
		{0E371931-4091-4A1C-8FC6-761CF2477E3E}.Release|Any CPU.Build.0 = Release|Any CPU
		{A8BEB61A-2CB6-4235-AD24-BF27A2B2D4ED}.Debug|Any CPU.ActiveCfg = Debug|Any CPU
		{A8BEB61A-2CB6-4235-AD24-BF27A2B2D4ED}.Debug|Any CPU.Build.0 = Debug|Any CPU
		{A8BEB61A-2CB6-4235-AD24-BF27A2B2D4ED}.Release|Any CPU.ActiveCfg = Release|Any CPU
		{A8BEB61A-2CB6-4235-AD24-BF27A2B2D4ED}.Release|Any CPU.Build.0 = Release|Any CPU
	EndGlobalSection
	GlobalSection(SolutionProperties) = preSolution
		HideSolutionNode = FALSE
	EndGlobalSection
	GlobalSection(ExtensibilityGlobals) = postSolution
		SolutionGuid = {F53DA87D-9509-4435-8657-38A7DF495A35}
	EndGlobalSection
EndGlobal
